{
  "version": 4,
  "terraform_version": "1.15.2",
  "serial": 27,
  "lineage": "0c23b928-7e29-1ec9-79ba-68edc6cb0627",
  "outputs": {
    "public_ip": {
      "value": "20.25.177.109",
      "type": "string"
    },
    "ssh_command": {
      "value": "ssh -i ~/.ssh/capstone_azure_key azureuser@20.25.177.109",
      "type": "string"
    }
  },
  "resources": [
    {
      "mode": "managed",
      "type": "azurerm_linux_virtual_machine",
      "name": "vm",
      "provider": "provider[\"registry.terraform.io/hashicorp/azurerm\"]",
      "instances": [
        {
          "schema_version": 0,
          "attributes": {
            "additional_capabilities": [],
            "admin_password": null,
            "admin_ssh_key": [
              {
                "public_key": "ssh-rsa AAAAB3NzaC1yc2EAAAADAQABAAACAQDuT3TLR2dgPdDpuQCaRc72/g/G7haBgoxjHlVxEwHLAZ/LjIRZI356mQ5MyzY5vQ8Ks9PfrOkLP1u3x49eQmmB1IPX/Lly8AB0VOcFv5HkGbQai7dkkXAXyWs59BHfMk1bT///bQLsrilCFX11iYg789T6dOPfNIC0aUqWWiTYLx8DBFZjLyOaVKixlpw3vPsTV/41EB4BFI0xK9xSMjON/90ycsqOQOsaIFAOWrIHMRLsAtYEIYYLTtfW1hZv/niYs78YrmbLSrCW2upzP4I5IAFGx1wYgOZDhYWSEaWOMy3x9lik8BAyWFNDjZr1F+bLvqyvwDIFs21pYXyFtPpgNj4JMwyjrJIr9cyk1LIkrmTPEaIhjbFMaVf8w1jTxhyPfHhmngqikZ24Cx9zmK0jTjI8cnw770eEH5w9sM3QPjH2H8d7Ekq4prZZPLhkidFAMIxitWeSrHPo0Hwz9KhrtvbmkOW0j8ka4Bn2MlCoI2mEGzrmD47Y6RkUw8oH0p2vrzjnylOdKSw9tU7xJz+UYwKZulk1C70OJJ239AnYvDiBukoDt//kPG7ZPDU9v/kMwAGFKh8BLrYZju7MKHxFZnpAltuR5nc5ojcH6yADBCgXN6MuWvqEbWuTN3H8MoRMgIqBGOm9B+dl1PUKrLLVXs0khXq+ohCOj+OsHpFucQ== capstone-azure",
                "username": "azureuser"
              }
            ],
            "admin_username": "azureuser",
            "allow_extension_operations": true,
            "availability_set_id": "",
            "boot_diagnostics": [],
            "bypass_platform_safety_checks_on_user_schedule_enabled": false,
            "capacity_reservation_group_id": "",
            "computer_name": "capstone-vm",
            "custom_data": "IyEvYmluL2Jhc2gNCmFwdC1nZXQgdXBkYXRlIC15DQphcHQtZ2V0IGluc3RhbGwgLXkgZG9ja2VyLmlvIG5naW54DQpzeXN0ZW1jdGwgc3RhcnQgZG9ja2VyDQpzeXN0ZW1jdGwgZW5hYmxlIGRvY2tlcg0KdXNlcm1vZCAtYUcgZG9ja2VyIGF6dXJldXNlcg0KY2F0ID4gL2V0Yy9uZ2lueC9zaXRlcy1hdmFpbGFibGUvZGVmYXVsdCA8PCdOR0lOWCcNCnNlcnZlciB7DQogIGxpc3RlbiA4MDsNCiAgbG9jYXRpb24gLyB7DQogICAgcHJveHlfcGFzcyBodHRwOi8vbG9jYWxob3N0OjMwMDA7DQogICAgcHJveHlfc2V0X2hlYWRlciBIb3N0ICRob3N0Ow0KICAgIHByb3h5X3NldF9oZWFkZXIgWC1SZWFsLUlQICRyZW1vdGVfYWRkcjsNCiAgfQ0KfQ0KTkdJTlgNCnN5c3RlbWN0bCByZXN0YXJ0IG5naW54DQpzeXN0ZW1jdGwgZW5hYmxlIG5naW54DQo=",
            "dedicated_host_group_id": "",
            "dedicated_host_id": "",
            "disable_password_authentication": true,
            "disk_controller_type": "",
            "edge_zone": "",
            "encryption_at_host_enabled": false,
            "eviction_policy": "",
            "extensions_time_budget": "PT1H30M",
            "gallery_application": [],
            "id": "/subscriptions/9f8615ee-4273-45d2-9941-b0445f5a0255/resourceGroups/capstone-rg/providers/Microsoft.Compute/virtualMachines/capstone-vm",
            "identity": [],
            "license_type": "",
            "location": "westus3",
            "max_bid_price": -1,
            "name": "capstone-vm",
            "network_interface_ids": [
              "/subscriptions/9f8615ee-4273-45d2-9941-b0445f5a0255/resourceGroups/capstone-rg/providers/Microsoft.Network/networkInterfaces/capstone-nic"
            ],
            "os_disk": [
              {
                "caching": "ReadWrite",
                "diff_disk_settings": [],
                "disk_encryption_set_id": "",
                "disk_size_gb": 30,
                "name": "capstone-vm_OsDisk_1_ac7a7b5f09a840a9823df85fbe60a56a",
                "secure_vm_disk_encryption_set_id": "",
                "security_encryption_type": "",
                "storage_account_type": "Standard_LRS",
                "write_accelerator_enabled": false
              }
            ],
            "os_image_notification": [],
            "patch_assessment_mode": "ImageDefault",
            "patch_mode": "ImageDefault",
            "plan": [],
            "platform_fault_domain": -1,
            "priority": "Regular",
            "private_ip_address": "10.0.1.4",
            "private_ip_addresses": [
              "10.0.1.4"
            ],
            "provision_vm_agent": true,
            "proximity_placement_group_id": "",
            "public_ip_address": "20.25.177.109",
            "public_ip_addresses": [
              "20.25.177.109"
            ],
            "reboot_setting": "",
            "resource_group_name": "capstone-rg",
            "secret": [],
            "secure_boot_enabled": false,
            "size": "Standard_D2s_v3",
            "source_image_id": "",
            "source_image_reference": [
              {
                "offer": "UbuntuServer",
                "publisher": "Canonical",
                "sku": "18.04-LTS",
                "version": "latest"
              }
            ],
            "tags": null,
            "termination_notification": null,
            "timeouts": null,
            "user_data": "",
            "virtual_machine_id": "ef9f8001-f6e2-492d-8035-12c883c5c54f",
            "virtual_machine_scale_set_id": "",
            "vm_agent_platform_updates_enabled": false,
            "vtpm_enabled": false,
            "zone": ""
          },
          "sensitive_attributes": [
            [
              {
                "type": "get_attr",
                "value": "admin_password"
              }
            ],
            [
              {
                "type": "get_attr",
                "value": "custom_data"
              }
            ]
          ],
          "identity_schema_version": 0,
          "private": "eyJlMmJmYjczMC1lY2FhLTExZTYtOGY4OC0zNDM2M2JjN2M0YzAiOnsiY3JlYXRlIjoyNzAwMDAwMDAwMDAwLCJkZWxldGUiOjI3MDAwMDAwMDAwMDAsInJlYWQiOjMwMDAwMDAwMDAwMCwidXBkYXRlIjoyNzAwMDAwMDAwMDAwfX0=",
          "dependencies": [
            "azurerm_network_interface.nic",
            "azurerm_public_ip.pip",
            "azurerm_resource_group.rg",
            "azurerm_subnet.subnet",
            "azurerm_virtual_network.vnet"
          ]
        }
      ]
    },
    {
      "mode": "managed",
      "type": "azurerm_network_interface",
      "name": "nic",
      "provider": "provider[\"registry.terraform.io/hashicorp/azurerm\"]",
      "instances": [
        {
          "schema_version": 0,
          "attributes": {
            "accelerated_networking_enabled": false,
            "applied_dns_servers": [],
            "auxiliary_mode": "",
            "auxiliary_sku": "",
            "dns_servers": [],
            "edge_zone": "",
            "enable_accelerated_networking": false,
            "enable_ip_forwarding": false,
            "id": "/subscriptions/9f8615ee-4273-45d2-9941-b0445f5a0255/resourceGroups/capstone-rg/providers/Microsoft.Network/networkInterfaces/capstone-nic",
            "internal_dns_name_label": "",
            "internal_domain_name_suffix": "3jdjbud4w52u3fghxs2uxqitca.phxx.internal.cloudapp.net",
            "ip_configuration": [
              {
                "gateway_load_balancer_frontend_ip_configuration_id": "",
                "name": "internal",
                "primary": true,
                "private_ip_address": "10.0.1.4",
                "private_ip_address_allocation": "Dynamic",
                "private_ip_address_version": "IPv4",
                "public_ip_address_id": "/subscriptions/9f8615ee-4273-45d2-9941-b0445f5a0255/resourceGroups/capstone-rg/providers/Microsoft.Network/publicIPAddresses/capstone-pip",
                "subnet_id": "/subscriptions/9f8615ee-4273-45d2-9941-b0445f5a0255/resourceGroups/capstone-rg/providers/Microsoft.Network/virtualNetworks/capstone-vnet/subnets/capstone-subnet"
              }
            ],
            "ip_forwarding_enabled": false,
            "location": "westus3",
            "mac_address": "",
            "name": "capstone-nic",
            "private_ip_address": "10.0.1.4",
            "private_ip_addresses": [
              "10.0.1.4"
            ],
            "resource_group_name": "capstone-rg",
            "tags": null,
            "timeouts": null,
            "virtual_machine_id": ""
          },
          "sensitive_attributes": [],
          "identity_schema_version": 0,
          "private": "eyJlMmJmYjczMC1lY2FhLTExZTYtOGY4OC0zNDM2M2JjN2M0YzAiOnsiY3JlYXRlIjoxODAwMDAwMDAwMDAwLCJkZWxldGUiOjE4MDAwMDAwMDAwMDAsInJlYWQiOjMwMDAwMDAwMDAwMCwidXBkYXRlIjoxODAwMDAwMDAwMDAwfX0=",
          "dependencies": [
            "azurerm_public_ip.pip",
            "azurerm_resource_group.rg",
            "azurerm_subnet.subnet",
            "azurerm_virtual_network.vnet"
          ]
        }
      ]
    },
    {
      "mode": "managed",
      "type": "azurerm_network_interface_security_group_association",
      "name": "nsg_assoc",
      "provider": "provider[\"registry.terraform.io/hashicorp/azurerm\"]",
      "instances": [
        {
          "schema_version": 0,
          "attributes": {
            "id": "/subscriptions/9f8615ee-4273-45d2-9941-b0445f5a0255/resourceGroups/capstone-rg/providers/Microsoft.Network/networkInterfaces/capstone-nic|/subscriptions/9f8615ee-4273-45d2-9941-b0445f5a0255/resourceGroups/capstone-rg/providers/Microsoft.Network/networkSecurityGroups/capstone-nsg",
            "network_interface_id": "/subscriptions/9f8615ee-4273-45d2-9941-b0445f5a0255/resourceGroups/capstone-rg/providers/Microsoft.Network/networkInterfaces/capstone-nic",
            "network_security_group_id": "/subscriptions/9f8615ee-4273-45d2-9941-b0445f5a0255/resourceGroups/capstone-rg/providers/Microsoft.Network/networkSecurityGroups/capstone-nsg",
            "timeouts": null
          },
          "sensitive_attributes": [],
          "identity_schema_version": 0,
          "private": "eyJlMmJmYjczMC1lY2FhLTExZTYtOGY4OC0zNDM2M2JjN2M0YzAiOnsiY3JlYXRlIjoxODAwMDAwMDAwMDAwLCJkZWxldGUiOjE4MDAwMDAwMDAwMDAsInJlYWQiOjMwMDAwMDAwMDAwMH19",
          "dependencies": [
            "azurerm_network_interface.nic",
            "azurerm_network_security_group.nsg",
            "azurerm_public_ip.pip",
            "azurerm_resource_group.rg",
            "azurerm_subnet.subnet",
            "azurerm_virtual_network.vnet"
          ]
        }
      ]
    },
    {
      "mode": "managed",
      "type": "azurerm_network_security_group",
      "name": "nsg",
      "provider": "provider[\"registry.terraform.io/hashicorp/azurerm\"]",
      "instances": [
        {
          "schema_version": 0,
          "attributes": {
            "id": "/subscriptions/9f8615ee-4273-45d2-9941-b0445f5a0255/resourceGroups/capstone-rg/providers/Microsoft.Network/networkSecurityGroups/capstone-nsg",
            "location": "westus3",
            "name": "capstone-nsg",
            "resource_group_name": "capstone-rg",
            "security_rule": [
              {
                "access": "Allow",
                "description": "",
                "destination_address_prefix": "*",
                "destination_address_prefixes": [],
                "destination_application_security_group_ids": [],
                "destination_port_range": "22",
                "destination_port_ranges": [],
                "direction": "Inbound",
                "name": "allow-ssh",
                "priority": 100,
                "protocol": "Tcp",
                "source_address_prefix": "*",
                "source_address_prefixes": [],
                "source_application_security_group_ids": [],
                "source_port_range": "*",
                "source_port_ranges": []
              },
              {
                "access": "Allow",
                "description": "",
                "destination_address_prefix": "*",
                "destination_address_prefixes": [],
                "destination_application_security_group_ids": [],
                "destination_port_range": "80",
                "destination_port_ranges": [],
                "direction": "Inbound",
                "name": "allow-http",
                "priority": 110,
                "protocol": "Tcp",
                "source_address_prefix": "*",
                "source_address_prefixes": [],
                "source_application_security_group_ids": [],
                "source_port_range": "*",
                "source_port_ranges": []
              }
            ],
            "tags": null,
            "timeouts": null
          },
          "sensitive_attributes": [],
          "identity_schema_version": 0,
          "private": "eyJlMmJmYjczMC1lY2FhLTExZTYtOGY4OC0zNDM2M2JjN2M0YzAiOnsiY3JlYXRlIjoxODAwMDAwMDAwMDAwLCJkZWxldGUiOjE4MDAwMDAwMDAwMDAsInJlYWQiOjMwMDAwMDAwMDAwMCwidXBkYXRlIjoxODAwMDAwMDAwMDAwfX0=",
          "dependencies": [
            "azurerm_resource_group.rg"
          ]
        }
      ]
    },
    {
      "mode": "managed",
      "type": "azurerm_public_ip",
      "name": "pip",
      "provider": "provider[\"registry.terraform.io/hashicorp/azurerm\"]",
      "instances": [
        {
          "schema_version": 0,
          "attributes": {
            "allocation_method": "Static",
            "ddos_protection_mode": "VirtualNetworkInherited",
            "ddos_protection_plan_id": null,
            "domain_name_label": null,
            "edge_zone": "",
            "fqdn": null,
            "id": "/subscriptions/9f8615ee-4273-45d2-9941-b0445f5a0255/resourceGroups/capstone-rg/providers/Microsoft.Network/publicIPAddresses/capstone-pip",
            "idle_timeout_in_minutes": 4,
            "ip_address": "20.25.177.109",
            "ip_tags": null,
            "ip_version": "IPv4",
            "location": "westus3",
            "name": "capstone-pip",
            "public_ip_prefix_id": null,
            "resource_group_name": "capstone-rg",
            "reverse_fqdn": null,
            "sku": "Standard",
            "sku_tier": "Regional",
            "tags": null,
            "timeouts": null,
            "zones": null
          },
          "sensitive_attributes": [],
          "identity_schema_version": 0,
          "private": "eyJlMmJmYjczMC1lY2FhLTExZTYtOGY4OC0zNDM2M2JjN2M0YzAiOnsiY3JlYXRlIjoxODAwMDAwMDAwMDAwLCJkZWxldGUiOjE4MDAwMDAwMDAwMDAsInJlYWQiOjMwMDAwMDAwMDAwMCwidXBkYXRlIjoxODAwMDAwMDAwMDAwfX0=",
          "dependencies": [
            "azurerm_resource_group.rg"
          ]
        }
      ]
    },
    {
      "mode": "managed",
      "type": "azurerm_resource_group",
      "name": "rg",
      "provider": "provider[\"registry.terraform.io/hashicorp/azurerm\"]",
      "instances": [
        {
          "schema_version": 0,
          "attributes": {
            "id": "/subscriptions/9f8615ee-4273-45d2-9941-b0445f5a0255/resourceGroups/capstone-rg",
            "location": "westus3",
            "managed_by": "",
            "name": "capstone-rg",
            "tags": null,
            "timeouts": null
          },
          "sensitive_attributes": [],
          "identity_schema_version": 0,
          "private": "eyJlMmJmYjczMC1lY2FhLTExZTYtOGY4OC0zNDM2M2JjN2M0YzAiOnsiY3JlYXRlIjo1NDAwMDAwMDAwMDAwLCJkZWxldGUiOjU0MDAwMDAwMDAwMDAsInJlYWQiOjMwMDAwMDAwMDAwMCwidXBkYXRlIjo1NDAwMDAwMDAwMDAwfX0="
        }
      ]
    },
    {
      "mode": "managed",
      "type": "azurerm_subnet",
      "name": "subnet",
      "provider": "provider[\"registry.terraform.io/hashicorp/azurerm\"]",
      "instances": [
        {
          "schema_version": 0,
          "attributes": {
            "address_prefixes": [
              "10.0.1.0/24"
            ],
            "default_outbound_access_enabled": true,
            "delegation": [],
            "enforce_private_link_endpoint_network_policies": false,
            "enforce_private_link_service_network_policies": false,
            "id": "/subscriptions/9f8615ee-4273-45d2-9941-b0445f5a0255/resourceGroups/capstone-rg/providers/Microsoft.Network/virtualNetworks/capstone-vnet/subnets/capstone-subnet",
            "name": "capstone-subnet",
            "private_endpoint_network_policies": "Enabled",
            "private_endpoint_network_policies_enabled": true,
            "private_link_service_network_policies_enabled": true,
            "resource_group_name": "capstone-rg",
            "service_endpoint_policy_ids": null,
            "service_endpoints": null,
            "timeouts": null,
            "virtual_network_name": "capstone-vnet"
          },
          "sensitive_attributes": [],
          "identity_schema_version": 0,
          "private": "eyJlMmJmYjczMC1lY2FhLTExZTYtOGY4OC0zNDM2M2JjN2M0YzAiOnsiY3JlYXRlIjoxODAwMDAwMDAwMDAwLCJkZWxldGUiOjE4MDAwMDAwMDAwMDAsInJlYWQiOjMwMDAwMDAwMDAwMCwidXBkYXRlIjoxODAwMDAwMDAwMDAwfX0=",
          "dependencies": [
            "azurerm_resource_group.rg",
            "azurerm_virtual_network.vnet"
          ]
        }
      ]
    },
    {
      "mode": "managed",
      "type": "azurerm_virtual_network",
      "name": "vnet",
      "provider": "provider[\"registry.terraform.io/hashicorp/azurerm\"]",
      "instances": [
        {
          "schema_version": 0,
          "attributes": {
            "address_space": [
              "10.0.0.0/16"
            ],
            "bgp_community": "",
            "ddos_protection_plan": [],
            "dns_servers": [],
            "edge_zone": "",
            "encryption": [],
            "flow_timeout_in_minutes": 0,
            "guid": "d09046ea-b77e-4ef9-94c7-bcb94bc11310",
            "id": "/subscriptions/9f8615ee-4273-45d2-9941-b0445f5a0255/resourceGroups/capstone-rg/providers/Microsoft.Network/virtualNetworks/capstone-vnet",
            "location": "westus3",
            "name": "capstone-vnet",
            "resource_group_name": "capstone-rg",
            "subnet": [],
            "tags": null,
            "timeouts": null
          },
          "sensitive_attributes": [],
          "identity_schema_version": 0,
          "private": "eyJlMmJmYjczMC1lY2FhLTExZTYtOGY4OC0zNDM2M2JjN2M0YzAiOnsiY3JlYXRlIjoxODAwMDAwMDAwMDAwLCJkZWxldGUiOjE4MDAwMDAwMDAwMDAsInJlYWQiOjMwMDAwMDAwMDAwMCwidXBkYXRlIjoxODAwMDAwMDAwMDAwfX0=",
          "dependencies": [
            "azurerm_resource_group.rg"
          ]
        }
      ]
    }
  ],
  "check_results": null
}
